
Microsoft Visual Studio Solution File, Format Version 12.00
# Visual Studio Version 17
VisualStudioVersion = 17.0.31903.59
MinimumVisualStudioVersion = 10.0.40219.1
Project("{FAE04EC0-301F-11D3-BF4B-00C04F79EFBC}") = "bookManager", "bookManager.csproj", "{0739CA9F-077E-4F0A-AB83-2E202214FA39}"
EndProject
Global
	GlobalSection(SolutionConfigurationPlatforms) = preSolution
		Debug|Any CPU = Debug|Any CPU
		Release|Any CPU = Release|Any CPU
	EndGlobalSection
	GlobalSection(ProjectConfigurationPlatforms) = postSolution
		{0739CA9F-077E-4F0A-AB83-2E202214FA39}.Debug|Any CPU.ActiveCfg = Debug|Any CPU
		{0739CA9F-077E-4F0A-AB83-2E202214FA39}.Debug|Any CPU.Build.0 = Debug|Any CPU
		{0739CA9F-077E-4F0A-AB83-2E202214FA39}.Release|Any CPU.ActiveCfg = Release|Any CPU
		{0739CA9F-077E-4F0A-AB83-2E202214FA39}.Release|Any CPU.Build.0 = Release|Any CPU
	EndGlobalSection
	GlobalSection(SolutionProperties) = preSolution
		HideSolutionNode = FALSE
	EndGlobalSection
	GlobalSection(ExtensibilityGlobals) = postSolution
		SolutionGuid = {344E67F1-7AD3-4EF9-B880-E45AAAFEC57F}
	EndGlobalSection
EndGlobal
